
Microsoft Visual Studio Solution File, Format Version 12.00
# Visual Studio 14
VisualStudioVersion = 14.0.25123.0
MinimumVisualStudioVersion = 10.0.40219.1
Project("{FAE04EC0-301F-11D3-BF4B-00C04F79EFBC}") = "DemoUserControl", "DemoUserControl\DemoUserControl.csproj", "{6984DF03-E862-4A48-B21A-74C3DBA07E0A}"
EndProject
Project("{FAE04EC0-301F-11D3-BF4B-00C04F79EFBC}") = "PanalControls", "PanalControls\PanalControls.csproj", "{CE25EC4C-2BCE-4731-B003-FB5071A202DC}"
EndProject
Global
	GlobalSection(SolutionConfigurationPlatforms) = preSolution
		Debug|Any CPU = Debug|Any CPU
		Release|Any CPU = Release|Any CPU
	EndGlobalSection
	GlobalSection(ProjectConfigurationPlatforms) = postSolution
		{6984DF03-E862-4A48-B21A-74C3DBA07E0A}.Debug|Any CPU.ActiveCfg = Debug|Any CPU
		{6984DF03-E862-4A48-B21A-74C3DBA07E0A}.Debug|Any CPU.Build.0 = Debug|Any CPU
		{6984DF03-E862-4A48-B21A-74C3DBA07E0A}.Release|Any CPU.ActiveCfg = Release|Any CPU
		{6984DF03-E862-4A48-B21A-74C3DBA07E0A}.Release|Any CPU.Build.0 = Release|Any CPU
		{CE25EC4C-2BCE-4731-B003-FB5071A202DC}.Debug|Any CPU.ActiveCfg = Debug|Any CPU
		{CE25EC4C-2BCE-4731-B003-FB5071A202DC}.Debug|Any CPU.Build.0 = Debug|Any CPU
		{CE25EC4C-2BCE-4731-B003-FB5071A202DC}.Release|Any CPU.ActiveCfg = Release|Any CPU
		{CE25EC4C-2BCE-4731-B003-FB5071A202DC}.Release|Any CPU.Build.0 = Release|Any CPU
	EndGlobalSection
	GlobalSection(SolutionProperties) = preSolution
		HideSolutionNode = FALSE
	EndGlobalSection
EndGlobal
