
Microsoft Visual Studio Solution File, Format Version 12.00
# Visual Studio 15
VisualStudioVersion = 15.0.28307.168
MinimumVisualStudioVersion = 10.0.40219.1
Project("{FAE04EC0-301F-11D3-BF4B-00C04F79EFBC}") = "DemoRandomUser", "DemoRandomUser\DemoRandomUser.csproj", "{397C5137-9037-4967-8492-A90EDB5C2BA0}"
EndProject
Project("{FAE04EC0-301F-11D3-BF4B-00C04F79EFBC}") = "RandomUserLibrary", "RandomUserLibrary\RandomUserLibrary.csproj", "{0C631966-B03F-4E66-97A5-FD1DEBA91C91}"
EndProject
Global
	GlobalSection(SolutionConfigurationPlatforms) = preSolution
		Debug|Any CPU = Debug|Any CPU
		Release|Any CPU = Release|Any CPU
	EndGlobalSection
	GlobalSection(ProjectConfigurationPlatforms) = postSolution
		{397C5137-9037-4967-8492-A90EDB5C2BA0}.Debug|Any CPU.ActiveCfg = Debug|Any CPU
		{397C5137-9037-4967-8492-A90EDB5C2BA0}.Debug|Any CPU.Build.0 = Debug|Any CPU
		{397C5137-9037-4967-8492-A90EDB5C2BA0}.Release|Any CPU.ActiveCfg = Release|Any CPU
		{397C5137-9037-4967-8492-A90EDB5C2BA0}.Release|Any CPU.Build.0 = Release|Any CPU
		{0C631966-B03F-4E66-97A5-FD1DEBA91C91}.Debug|Any CPU.ActiveCfg = Debug|Any CPU
		{0C631966-B03F-4E66-97A5-FD1DEBA91C91}.Debug|Any CPU.Build.0 = Debug|Any CPU
		{0C631966-B03F-4E66-97A5-FD1DEBA91C91}.Release|Any CPU.ActiveCfg = Release|Any CPU
		{0C631966-B03F-4E66-97A5-FD1DEBA91C91}.Release|Any CPU.Build.0 = Release|Any CPU
	EndGlobalSection
	GlobalSection(SolutionProperties) = preSolution
		HideSolutionNode = FALSE
	EndGlobalSection
	GlobalSection(ExtensibilityGlobals) = postSolution
		SolutionGuid = {F81CB63B-0A2A-4FE6-AB9E-EFAA38C7495A}
	EndGlobalSection
EndGlobal
