
Microsoft Visual Studio Solution File, Format Version 12.00
# Visual Studio 14
VisualStudioVersion = 14.0.25123.0
MinimumVisualStudioVersion = 10.0.40219.1
Project("{FAE04EC0-301F-11D3-BF4B-00C04F79EFBC}") = "DemoCommands", "DemoCommands\DemoCommands.csproj", "{F123336F-E7E2-4D2C-AF45-10B059B3A806}"
EndProject
Project("{FAE04EC0-301F-11D3-BF4B-00C04F79EFBC}") = "WpfApplication1", "WpfApplication1\WpfApplication1.csproj", "{AA997DA5-14FE-436D-B93A-11FB77C10EAC}"
EndProject
Global
	GlobalSection(SolutionConfigurationPlatforms) = preSolution
		Debug|Any CPU = Debug|Any CPU
		Release|Any CPU = Release|Any CPU
	EndGlobalSection
	GlobalSection(ProjectConfigurationPlatforms) = postSolution
		{F123336F-E7E2-4D2C-AF45-10B059B3A806}.Debug|Any CPU.ActiveCfg = Debug|Any CPU
		{F123336F-E7E2-4D2C-AF45-10B059B3A806}.Debug|Any CPU.Build.0 = Debug|Any CPU
		{F123336F-E7E2-4D2C-AF45-10B059B3A806}.Release|Any CPU.ActiveCfg = Release|Any CPU
		{F123336F-E7E2-4D2C-AF45-10B059B3A806}.Release|Any CPU.Build.0 = Release|Any CPU
		{AA997DA5-14FE-436D-B93A-11FB77C10EAC}.Debug|Any CPU.ActiveCfg = Debug|Any CPU
		{AA997DA5-14FE-436D-B93A-11FB77C10EAC}.Debug|Any CPU.Build.0 = Debug|Any CPU
		{AA997DA5-14FE-436D-B93A-11FB77C10EAC}.Release|Any CPU.ActiveCfg = Release|Any CPU
		{AA997DA5-14FE-436D-B93A-11FB77C10EAC}.Release|Any CPU.Build.0 = Release|Any CPU
	EndGlobalSection
	GlobalSection(SolutionProperties) = preSolution
		HideSolutionNode = FALSE
	EndGlobalSection
EndGlobal
